
Microsoft Visual Studio Solution File, Format Version 12.00
# Visual Studio Version 17
VisualStudioVersion = 17.8.34525.116
MinimumVisualStudioVersion = 10.0.40219.1
Project("{FAE04EC0-301F-11D3-BF4B-00C04F79EFBC}") = "ConsoleAppPrac2", "ConsoleAppPrac2\ConsoleAppPrac2.csproj", "{81F184AF-B2F2-48DC-BB3E-9244A2839EF5}"
EndProject
Global
	GlobalSection(SolutionConfigurationPlatforms) = preSolution
		Debug|Any CPU = Debug|Any CPU
		Release|Any CPU = Release|Any CPU
	EndGlobalSection
	GlobalSection(ProjectConfigurationPlatforms) = postSolution
		{81F184AF-B2F2-48DC-BB3E-9244A2839EF5}.Debug|Any CPU.ActiveCfg = Debug|Any CPU
		{81F184AF-B2F2-48DC-BB3E-9244A2839EF5}.Debug|Any CPU.Build.0 = Debug|Any CPU
		{81F184AF-B2F2-48DC-BB3E-9244A2839EF5}.Release|Any CPU.ActiveCfg = Release|Any CPU
		{81F184AF-B2F2-48DC-BB3E-9244A2839EF5}.Release|Any CPU.Build.0 = Release|Any CPU
	EndGlobalSection
	GlobalSection(SolutionProperties) = preSolution
		HideSolutionNode = FALSE
	EndGlobalSection
	GlobalSection(ExtensibilityGlobals) = postSolution
		SolutionGuid = {2518D49C-176F-4AAE-AEC0-A17DA2AD25A6}
	EndGlobalSection
EndGlobal
